
Microsoft Visual Studio Solution File, Format Version 12.00
# Visual Studio Version 16
VisualStudioVersion = 16.0.30114.105
MinimumVisualStudioVersion = 10.0.40219.1
Project("{FAE04EC0-301F-11D3-BF4B-00C04F79EFBC}") = "API", "API\API.csproj", "{1E6150BB-283F-44F7-BFD9-B457363F4C7A}"
EndProject
Project("{FAE04EC0-301F-11D3-BF4B-00C04F79EFBC}") = "Core", "Core\Core.csproj", "{8A7CCE11-F785-4088-AA39-37C83F89BB3F}"
EndProject
Project("{FAE04EC0-301F-11D3-BF4B-00C04F79EFBC}") = "Infrastructure", "Infrastructure\Infrastructure.csproj", "{7FD7EE94-31F4-4E38-8CD3-C89096E7AECE}"
EndProject
Global
	GlobalSection(SolutionConfigurationPlatforms) = preSolution
		Debug|Any CPU = Debug|Any CPU
		Debug|x64 = Debug|x64
		Debug|x86 = Debug|x86
		Release|Any CPU = Release|Any CPU
		Release|x64 = Release|x64
		Release|x86 = Release|x86
	EndGlobalSection
	GlobalSection(SolutionProperties) = preSolution
		HideSolutionNode = FALSE
	EndGlobalSection
	GlobalSection(ProjectConfigurationPlatforms) = postSolution
		{1E6150BB-283F-44F7-BFD9-B457363F4C7A}.Debug|Any CPU.ActiveCfg = Debug|Any CPU
		{1E6150BB-283F-44F7-BFD9-B457363F4C7A}.Debug|Any CPU.Build.0 = Debug|Any CPU
		{1E6150BB-283F-44F7-BFD9-B457363F4C7A}.Debug|x64.ActiveCfg = Debug|Any CPU
		{1E6150BB-283F-44F7-BFD9-B457363F4C7A}.Debug|x64.Build.0 = Debug|Any CPU
		{1E6150BB-283F-44F7-BFD9-B457363F4C7A}.Debug|x86.ActiveCfg = Debug|Any CPU
		{1E6150BB-283F-44F7-BFD9-B457363F4C7A}.Debug|x86.Build.0 = Debug|Any CPU
		{1E6150BB-283F-44F7-BFD9-B457363F4C7A}.Release|Any CPU.ActiveCfg = Release|Any CPU
		{1E6150BB-283F-44F7-BFD9-B457363F4C7A}.Release|Any CPU.Build.0 = Release|Any CPU
		{1E6150BB-283F-44F7-BFD9-B457363F4C7A}.Release|x64.ActiveCfg = Release|Any CPU
		{1E6150BB-283F-44F7-BFD9-B457363F4C7A}.Release|x64.Build.0 = Release|Any CPU
		{1E6150BB-283F-44F7-BFD9-B457363F4C7A}.Release|x86.ActiveCfg = Release|Any CPU
		{1E6150BB-283F-44F7-BFD9-B457363F4C7A}.Release|x86.Build.0 = Release|Any CPU
		{8A7CCE11-F785-4088-AA39-37C83F89BB3F}.Debug|Any CPU.ActiveCfg = Debug|Any CPU
		{8A7CCE11-F785-4088-AA39-37C83F89BB3F}.Debug|Any CPU.Build.0 = Debug|Any CPU
		{8A7CCE11-F785-4088-AA39-37C83F89BB3F}.Debug|x64.ActiveCfg = Debug|Any CPU
		{8A7CCE11-F785-4088-AA39-37C83F89BB3F}.Debug|x64.Build.0 = Debug|Any CPU
		{8A7CCE11-F785-4088-AA39-37C83F89BB3F}.Debug|x86.ActiveCfg = Debug|Any CPU
		{8A7CCE11-F785-4088-AA39-37C83F89BB3F}.Debug|x86.Build.0 = Debug|Any CPU
		{8A7CCE11-F785-4088-AA39-37C83F89BB3F}.Release|Any CPU.ActiveCfg = Release|Any CPU
		{8A7CCE11-F785-4088-AA39-37C83F89BB3F}.Release|Any CPU.Build.0 = Release|Any CPU
		{8A7CCE11-F785-4088-AA39-37C83F89BB3F}.Release|x64.ActiveCfg = Release|Any CPU
		{8A7CCE11-F785-4088-AA39-37C83F89BB3F}.Release|x64.Build.0 = Release|Any CPU
		{8A7CCE11-F785-4088-AA39-37C83F89BB3F}.Release|x86.ActiveCfg = Release|Any CPU
		{8A7CCE11-F785-4088-AA39-37C83F89BB3F}.Release|x86.Build.0 = Release|Any CPU
		{7FD7EE94-31F4-4E38-8CD3-C89096E7AECE}.Debug|Any CPU.ActiveCfg = Debug|Any CPU
		{7FD7EE94-31F4-4E38-8CD3-C89096E7AECE}.Debug|Any CPU.Build.0 = Debug|Any CPU
		{7FD7EE94-31F4-4E38-8CD3-C89096E7AECE}.Debug|x64.ActiveCfg = Debug|Any CPU
		{7FD7EE94-31F4-4E38-8CD3-C89096E7AECE}.Debug|x64.Build.0 = Debug|Any CPU
		{7FD7EE94-31F4-4E38-8CD3-C89096E7AECE}.Debug|x86.ActiveCfg = Debug|Any CPU
		{7FD7EE94-31F4-4E38-8CD3-C89096E7AECE}.Debug|x86.Build.0 = Debug|Any CPU
		{7FD7EE94-31F4-4E38-8CD3-C89096E7AECE}.Release|Any CPU.ActiveCfg = Release|Any CPU
		{7FD7EE94-31F4-4E38-8CD3-C89096E7AECE}.Release|Any CPU.Build.0 = Release|Any CPU
		{7FD7EE94-31F4-4E38-8CD3-C89096E7AECE}.Release|x64.ActiveCfg = Release|Any CPU
		{7FD7EE94-31F4-4E38-8CD3-C89096E7AECE}.Release|x64.Build.0 = Release|Any CPU
		{7FD7EE94-31F4-4E38-8CD3-C89096E7AECE}.Release|x86.ActiveCfg = Release|Any CPU
		{7FD7EE94-31F4-4E38-8CD3-C89096E7AECE}.Release|x86.Build.0 = Release|Any CPU
	EndGlobalSection
EndGlobal
